
Microsoft Visual Studio Solution File, Format Version 12.00
# Visual Studio Version 16
VisualStudioVersion = 16.0.31702.278
MinimumVisualStudioVersion = 10.0.40219.1
Project("{FAE04EC0-301F-11D3-BF4B-00C04F79EFBC}") = "LAB7", "LAB7\LAB7.csproj", "{216C547F-BCCC-4AB1-BCAE-7C33DC4885C4}"
EndProject
Global
	GlobalSection(SolutionConfigurationPlatforms) = preSolution
		Debug|Any CPU = Debug|Any CPU
		Release|Any CPU = Release|Any CPU
	EndGlobalSection
	GlobalSection(ProjectConfigurationPlatforms) = postSolution
		{216C547F-BCCC-4AB1-BCAE-7C33DC4885C4}.Debug|Any CPU.ActiveCfg = Debug|Any CPU
		{216C547F-BCCC-4AB1-BCAE-7C33DC4885C4}.Debug|Any CPU.Build.0 = Debug|Any CPU
		{216C547F-BCCC-4AB1-BCAE-7C33DC4885C4}.Release|Any CPU.ActiveCfg = Release|Any CPU
		{216C547F-BCCC-4AB1-BCAE-7C33DC4885C4}.Release|Any CPU.Build.0 = Release|Any CPU
	EndGlobalSection
	GlobalSection(SolutionProperties) = preSolution
		HideSolutionNode = FALSE
	EndGlobalSection
	GlobalSection(ExtensibilityGlobals) = postSolution
		SolutionGuid = {76BF6174-3A48-4495-A412-ECCEF9F1826E}
	EndGlobalSection
EndGlobal
